
Microsoft Visual Studio Solution File, Format Version 12.00
# Visual Studio Version 17
VisualStudioVersion = 17.5.2.0
MinimumVisualStudioVersion = 10.0.40219.1
Project("{FAE04EC0-301F-11D3-BF4B-00C04F79EFBC}") = "semana4", "semana4\semana4.csproj", "{1748A8BC-920D-E800-6469-6AC74E03A3F1}"
EndProject
Project("{FAE04EC0-301F-11D3-BF4B-00C04F79EFBC}") = "guiatelefonica1", "guiatelefonica1\guiatelefonica1.csproj", "{4CE52D08-C27E-4DCB-BE04-39A50FBF4BAC}"
EndProject
Project("{FAE04EC0-301F-11D3-BF4B-00C04F79EFBC}") = "semana5.0", "semana5.0\semana5.0.csproj", "{15888840-5FB7-4D53-9006-6473A2DAFA1D}"
EndProject
Project("{FAE04EC0-301F-11D3-BF4B-00C04F79EFBC}") = "ConsoleApp1", "ConsoleApp1\ConsoleApp1.csproj", "{945B33EA-73D1-4136-879A-8FA8907AF817}"
EndProject
Project("{2150E333-8FDC-42A3-9474-1A3956D46DE8}") = "semana5", "semana5", "{17C1AC02-53F6-FE37-6069-914689DC9DF6}"
EndProject
Project("{2150E333-8FDC-42A3-9474-1A3956D46DE8}") = "ejercicio1", "ejercicio1", "{2E5D62C4-29B8-0774-8312-0A7EEE9C2DF7}"
EndProject
Project("{FAE04EC0-301F-11D3-BF4B-00C04F79EFBC}") = "ConsoleApp1", "semana5\ejercicio1\ConsoleApp1\ConsoleApp1.csproj", "{547008B5-A7A8-4D6D-94AB-10CDBB8262D1}"
EndProject
Project("{2150E333-8FDC-42A3-9474-1A3956D46DE8}") = "ejercicio2", "ejercicio2", "{10C3098F-87A0-B767-FB93-CE037EFCE35E}"
EndProject
Project("{FAE04EC0-301F-11D3-BF4B-00C04F79EFBC}") = "ConsoleApp1", "semana5\ejercicio2\ConsoleApp1\ConsoleApp1.csproj", "{5C9CFBF4-5199-4E44-8233-743DFC1EA04E}"
EndProject
Project("{2150E333-8FDC-42A3-9474-1A3956D46DE8}") = "ejercicio3", "ejercicio3", "{F0C00FC6-0B40-68E2-6329-4E02AD736237}"
EndProject
Project("{FAE04EC0-301F-11D3-BF4B-00C04F79EFBC}") = "ConsoleApp1", "semana5\ejercicio3\ConsoleApp1\ConsoleApp1.csproj", "{97DA793F-5A6A-4965-9B69-3AF3C867EDF0}"
EndProject
Project("{2150E333-8FDC-42A3-9474-1A3956D46DE8}") = "ejercicio4", "ejercicio4", "{DACD9306-FC8B-4CAB-3D52-4C186ACC50A9}"
EndProject
Project("{FAE04EC0-301F-11D3-BF4B-00C04F79EFBC}") = "ConsoleApp1", "semana5\ejercicio4\ConsoleApp1\ConsoleApp1.csproj", "{D0C8EC7F-A8D2-4D0C-AA04-EF8EA683DD33}"
EndProject
Project("{2150E333-8FDC-42A3-9474-1A3956D46DE8}") = "ejercicio5", "ejercicio5", "{5CE692F3-F787-EB01-BA56-7570BFA7799A}"
EndProject
Project("{FAE04EC0-301F-11D3-BF4B-00C04F79EFBC}") = "ConsoleApp1", "semana5\ejercicio5\ConsoleApp1\ConsoleApp1.csproj", "{D3CBA3AF-D445-45B0-B3E9-E6619818EAB0}"
EndProject
Project("{2150E333-8FDC-42A3-9474-1A3956D46DE8}") = "semana6", "semana6", "{6D6D824A-973A-020F-CB5A-FEA82890E265}"
EndProject
Project("{2150E333-8FDC-42A3-9474-1A3956D46DE8}") = "ejercicio 1", "ejercicio 1", "{3C8FCCEE-8E11-8257-6B0A-359EFA0EAFAC}"
EndProject
Project("{FAE04EC0-301F-11D3-BF4B-00C04F79EFBC}") = "ConsoleApp1", "semana6\ejercicio 1\ConsoleApp1\ConsoleApp1.csproj", "{D230E557-0F43-4AC8-A9B0-42E704164471}"
EndProject
Project("{2150E333-8FDC-42A3-9474-1A3956D46DE8}") = "ejercicio2", "ejercicio2", "{34C97A32-80F3-C717-D85A-9398E0E2B71F}"
EndProject
Project("{FAE04EC0-301F-11D3-BF4B-00C04F79EFBC}") = "ConsoleApp1", "semana6\ejercicio2\ConsoleApp1\ConsoleApp1.csproj", "{4B85AC1F-4815-42D5-88FD-E7A9E9B4E336}"
EndProject
Project("{2150E333-8FDC-42A3-9474-1A3956D46DE8}") = "semana7", "semana7", "{864654F5-399B-11C0-F87F-52A5CD031E57}"
EndProject
Project("{2150E333-8FDC-42A3-9474-1A3956D46DE8}") = "verificacion", "verificacion", "{ABD3F96C-756E-0383-C227-AFA2B6A89ADC}"
EndProject
Project("{FAE04EC0-301F-11D3-BF4B-00C04F79EFBC}") = "ConsoleApp1", "semana7\verificacion\ConsoleApp1\ConsoleApp1.csproj", "{8772198D-CDF8-4C77-9099-26B25AEC1BDC}"
EndProject
Global
	GlobalSection(SolutionConfigurationPlatforms) = preSolution
		Debug|Any CPU = Debug|Any CPU
		Debug|x64 = Debug|x64
		Debug|x86 = Debug|x86
		Release|Any CPU = Release|Any CPU
		Release|x64 = Release|x64
		Release|x86 = Release|x86
	EndGlobalSection
	GlobalSection(ProjectConfigurationPlatforms) = postSolution
		{1748A8BC-920D-E800-6469-6AC74E03A3F1}.Debug|Any CPU.ActiveCfg = Debug|Any CPU
		{1748A8BC-920D-E800-6469-6AC74E03A3F1}.Debug|Any CPU.Build.0 = Debug|Any CPU
		{1748A8BC-920D-E800-6469-6AC74E03A3F1}.Debug|x64.ActiveCfg = Debug|Any CPU
		{1748A8BC-920D-E800-6469-6AC74E03A3F1}.Debug|x64.Build.0 = Debug|Any CPU
		{1748A8BC-920D-E800-6469-6AC74E03A3F1}.Debug|x86.ActiveCfg = Debug|Any CPU
		{1748A8BC-920D-E800-6469-6AC74E03A3F1}.Debug|x86.Build.0 = Debug|Any CPU
		{1748A8BC-920D-E800-6469-6AC74E03A3F1}.Release|Any CPU.ActiveCfg = Release|Any CPU
		{1748A8BC-920D-E800-6469-6AC74E03A3F1}.Release|Any CPU.Build.0 = Release|Any CPU
		{1748A8BC-920D-E800-6469-6AC74E03A3F1}.Release|x64.ActiveCfg = Release|Any CPU
		{1748A8BC-920D-E800-6469-6AC74E03A3F1}.Release|x64.Build.0 = Release|Any CPU
		{1748A8BC-920D-E800-6469-6AC74E03A3F1}.Release|x86.ActiveCfg = Release|Any CPU
		{1748A8BC-920D-E800-6469-6AC74E03A3F1}.Release|x86.Build.0 = Release|Any CPU
		{4CE52D08-C27E-4DCB-BE04-39A50FBF4BAC}.Debug|Any CPU.ActiveCfg = Debug|Any CPU
		{4CE52D08-C27E-4DCB-BE04-39A50FBF4BAC}.Debug|Any CPU.Build.0 = Debug|Any CPU
		{4CE52D08-C27E-4DCB-BE04-39A50FBF4BAC}.Debug|x64.ActiveCfg = Debug|Any CPU
		{4CE52D08-C27E-4DCB-BE04-39A50FBF4BAC}.Debug|x64.Build.0 = Debug|Any CPU
		{4CE52D08-C27E-4DCB-BE04-39A50FBF4BAC}.Debug|x86.ActiveCfg = Debug|Any CPU
		{4CE52D08-C27E-4DCB-BE04-39A50FBF4BAC}.Debug|x86.Build.0 = Debug|Any CPU
		{4CE52D08-C27E-4DCB-BE04-39A50FBF4BAC}.Release|Any CPU.ActiveCfg = Release|Any CPU
		{4CE52D08-C27E-4DCB-BE04-39A50FBF4BAC}.Release|Any CPU.Build.0 = Release|Any CPU
		{4CE52D08-C27E-4DCB-BE04-39A50FBF4BAC}.Release|x64.ActiveCfg = Release|Any CPU
		{4CE52D08-C27E-4DCB-BE04-39A50FBF4BAC}.Release|x64.Build.0 = Release|Any CPU
		{4CE52D08-C27E-4DCB-BE04-39A50FBF4BAC}.Release|x86.ActiveCfg = Release|Any CPU
		{4CE52D08-C27E-4DCB-BE04-39A50FBF4BAC}.Release|x86.Build.0 = Release|Any CPU
		{15888840-5FB7-4D53-9006-6473A2DAFA1D}.Debug|Any CPU.ActiveCfg = Debug|Any CPU
		{15888840-5FB7-4D53-9006-6473A2DAFA1D}.Debug|Any CPU.Build.0 = Debug|Any CPU
		{15888840-5FB7-4D53-9006-6473A2DAFA1D}.Debug|x64.ActiveCfg = Debug|Any CPU
		{15888840-5FB7-4D53-9006-6473A2DAFA1D}.Debug|x64.Build.0 = Debug|Any CPU
		{15888840-5FB7-4D53-9006-6473A2DAFA1D}.Debug|x86.ActiveCfg = Debug|Any CPU
		{15888840-5FB7-4D53-9006-6473A2DAFA1D}.Debug|x86.Build.0 = Debug|Any CPU
		{15888840-5FB7-4D53-9006-6473A2DAFA1D}.Release|Any CPU.ActiveCfg = Release|Any CPU
		{15888840-5FB7-4D53-9006-6473A2DAFA1D}.Release|Any CPU.Build.0 = Release|Any CPU
		{15888840-5FB7-4D53-9006-6473A2DAFA1D}.Release|x64.ActiveCfg = Release|Any CPU
		{15888840-5FB7-4D53-9006-6473A2DAFA1D}.Release|x64.Build.0 = Release|Any CPU
		{15888840-5FB7-4D53-9006-6473A2DAFA1D}.Release|x86.ActiveCfg = Release|Any CPU
		{15888840-5FB7-4D53-9006-6473A2DAFA1D}.Release|x86.Build.0 = Release|Any CPU
		{945B33EA-73D1-4136-879A-8FA8907AF817}.Debug|Any CPU.ActiveCfg = Debug|Any CPU
		{945B33EA-73D1-4136-879A-8FA8907AF817}.Debug|Any CPU.Build.0 = Debug|Any CPU
		{945B33EA-73D1-4136-879A-8FA8907AF817}.Debug|x64.ActiveCfg = Debug|Any CPU
		{945B33EA-73D1-4136-879A-8FA8907AF817}.Debug|x64.Build.0 = Debug|Any CPU
		{945B33EA-73D1-4136-879A-8FA8907AF817}.Debug|x86.ActiveCfg = Debug|Any CPU
		{945B33EA-73D1-4136-879A-8FA8907AF817}.Debug|x86.Build.0 = Debug|Any CPU
		{945B33EA-73D1-4136-879A-8FA8907AF817}.Release|Any CPU.ActiveCfg = Release|Any CPU
		{945B33EA-73D1-4136-879A-8FA8907AF817}.Release|Any CPU.Build.0 = Release|Any CPU
		{945B33EA-73D1-4136-879A-8FA8907AF817}.Release|x64.ActiveCfg = Release|Any CPU
		{945B33EA-73D1-4136-879A-8FA8907AF817}.Release|x64.Build.0 = Release|Any CPU
		{945B33EA-73D1-4136-879A-8FA8907AF817}.Release|x86.ActiveCfg = Release|Any CPU
		{945B33EA-73D1-4136-879A-8FA8907AF817}.Release|x86.Build.0 = Release|Any CPU
		{547008B5-A7A8-4D6D-94AB-10CDBB8262D1}.Debug|Any CPU.ActiveCfg = Debug|Any CPU
		{547008B5-A7A8-4D6D-94AB-10CDBB8262D1}.Debug|Any CPU.Build.0 = Debug|Any CPU
		{547008B5-A7A8-4D6D-94AB-10CDBB8262D1}.Debug|x64.ActiveCfg = Debug|Any CPU
		{547008B5-A7A8-4D6D-94AB-10CDBB8262D1}.Debug|x64.Build.0 = Debug|Any CPU
		{547008B5-A7A8-4D6D-94AB-10CDBB8262D1}.Debug|x86.ActiveCfg = Debug|Any CPU
		{547008B5-A7A8-4D6D-94AB-10CDBB8262D1}.Debug|x86.Build.0 = Debug|Any CPU
		{547008B5-A7A8-4D6D-94AB-10CDBB8262D1}.Release|Any CPU.ActiveCfg = Release|Any CPU
		{547008B5-A7A8-4D6D-94AB-10CDBB8262D1}.Release|Any CPU.Build.0 = Release|Any CPU
		{547008B5-A7A8-4D6D-94AB-10CDBB8262D1}.Release|x64.ActiveCfg = Release|Any CPU
		{547008B5-A7A8-4D6D-94AB-10CDBB8262D1}.Release|x64.Build.0 = Release|Any CPU
		{547008B5-A7A8-4D6D-94AB-10CDBB8262D1}.Release|x86.ActiveCfg = Release|Any CPU
		{547008B5-A7A8-4D6D-94AB-10CDBB8262D1}.Release|x86.Build.0 = Release|Any CPU
		{5C9CFBF4-5199-4E44-8233-743DFC1EA04E}.Debug|Any CPU.ActiveCfg = Debug|Any CPU
		{5C9CFBF4-5199-4E44-8233-743DFC1EA04E}.Debug|Any CPU.Build.0 = Debug|Any CPU
		{5C9CFBF4-5199-4E44-8233-743DFC1EA04E}.Debug|x64.ActiveCfg = Debug|Any CPU
		{5C9CFBF4-5199-4E44-8233-743DFC1EA04E}.Debug|x64.Build.0 = Debug|Any CPU
		{5C9CFBF4-5199-4E44-8233-743DFC1EA04E}.Debug|x86.ActiveCfg = Debug|Any CPU
		{5C9CFBF4-5199-4E44-8233-743DFC1EA04E}.Debug|x86.Build.0 = Debug|Any CPU
		{5C9CFBF4-5199-4E44-8233-743DFC1EA04E}.Release|Any CPU.ActiveCfg = Release|Any CPU
		{5C9CFBF4-5199-4E44-8233-743DFC1EA04E}.Release|Any CPU.Build.0 = Release|Any CPU
		{5C9CFBF4-5199-4E44-8233-743DFC1EA04E}.Release|x64.ActiveCfg = Release|Any CPU
		{5C9CFBF4-5199-4E44-8233-743DFC1EA04E}.Release|x64.Build.0 = Release|Any CPU
		{5C9CFBF4-5199-4E44-8233-743DFC1EA04E}.Release|x86.ActiveCfg = Release|Any CPU
		{5C9CFBF4-5199-4E44-8233-743DFC1EA04E}.Release|x86.Build.0 = Release|Any CPU
		{97DA793F-5A6A-4965-9B69-3AF3C867EDF0}.Debug|Any CPU.ActiveCfg = Debug|Any CPU
		{97DA793F-5A6A-4965-9B69-3AF3C867EDF0}.Debug|Any CPU.Build.0 = Debug|Any CPU
		{97DA793F-5A6A-4965-9B69-3AF3C867EDF0}.Debug|x64.ActiveCfg = Debug|Any CPU
		{97DA793F-5A6A-4965-9B69-3AF3C867EDF0}.Debug|x64.Build.0 = Debug|Any CPU
		{97DA793F-5A6A-4965-9B69-3AF3C867EDF0}.Debug|x86.ActiveCfg = Debug|Any CPU
		{97DA793F-5A6A-4965-9B69-3AF3C867EDF0}.Debug|x86.Build.0 = Debug|Any CPU
		{97DA793F-5A6A-4965-9B69-3AF3C867EDF0}.Release|Any CPU.ActiveCfg = Release|Any CPU
		{97DA793F-5A6A-4965-9B69-3AF3C867EDF0}.Release|Any CPU.Build.0 = Release|Any CPU
		{97DA793F-5A6A-4965-9B69-3AF3C867EDF0}.Release|x64.ActiveCfg = Release|Any CPU
		{97DA793F-5A6A-4965-9B69-3AF3C867EDF0}.Release|x64.Build.0 = Release|Any CPU
		{97DA793F-5A6A-4965-9B69-3AF3C867EDF0}.Release|x86.ActiveCfg = Release|Any CPU
		{97DA793F-5A6A-4965-9B69-3AF3C867EDF0}.Release|x86.Build.0 = Release|Any CPU
		{D0C8EC7F-A8D2-4D0C-AA04-EF8EA683DD33}.Debug|Any CPU.ActiveCfg = Debug|Any CPU
		{D0C8EC7F-A8D2-4D0C-AA04-EF8EA683DD33}.Debug|Any CPU.Build.0 = Debug|Any CPU
		{D0C8EC7F-A8D2-4D0C-AA04-EF8EA683DD33}.Debug|x64.ActiveCfg = Debug|Any CPU
		{D0C8EC7F-A8D2-4D0C-AA04-EF8EA683DD33}.Debug|x64.Build.0 = Debug|Any CPU
		{D0C8EC7F-A8D2-4D0C-AA04-EF8EA683DD33}.Debug|x86.ActiveCfg = Debug|Any CPU
		{D0C8EC7F-A8D2-4D0C-AA04-EF8EA683DD33}.Debug|x86.Build.0 = Debug|Any CPU
		{D0C8EC7F-A8D2-4D0C-AA04-EF8EA683DD33}.Release|Any CPU.ActiveCfg = Release|Any CPU
		{D0C8EC7F-A8D2-4D0C-AA04-EF8EA683DD33}.Release|Any CPU.Build.0 = Release|Any CPU
		{D0C8EC7F-A8D2-4D0C-AA04-EF8EA683DD33}.Release|x64.ActiveCfg = Release|Any CPU
		{D0C8EC7F-A8D2-4D0C-AA04-EF8EA683DD33}.Release|x64.Build.0 = Release|Any CPU
		{D0C8EC7F-A8D2-4D0C-AA04-EF8EA683DD33}.Release|x86.ActiveCfg = Release|Any CPU
		{D0C8EC7F-A8D2-4D0C-AA04-EF8EA683DD33}.Release|x86.Build.0 = Release|Any CPU
		{D3CBA3AF-D445-45B0-B3E9-E6619818EAB0}.Debug|Any CPU.ActiveCfg = Debug|Any CPU
		{D3CBA3AF-D445-45B0-B3E9-E6619818EAB0}.Debug|Any CPU.Build.0 = Debug|Any CPU
		{D3CBA3AF-D445-45B0-B3E9-E6619818EAB0}.Debug|x64.ActiveCfg = Debug|Any CPU
		{D3CBA3AF-D445-45B0-B3E9-E6619818EAB0}.Debug|x64.Build.0 = Debug|Any CPU
		{D3CBA3AF-D445-45B0-B3E9-E6619818EAB0}.Debug|x86.ActiveCfg = Debug|Any CPU
		{D3CBA3AF-D445-45B0-B3E9-E6619818EAB0}.Debug|x86.Build.0 = Debug|Any CPU
		{D3CBA3AF-D445-45B0-B3E9-E6619818EAB0}.Release|Any CPU.ActiveCfg = Release|Any CPU
		{D3CBA3AF-D445-45B0-B3E9-E6619818EAB0}.Release|Any CPU.Build.0 = Release|Any CPU
		{D3CBA3AF-D445-45B0-B3E9-E6619818EAB0}.Release|x64.ActiveCfg = Release|Any CPU
		{D3CBA3AF-D445-45B0-B3E9-E6619818EAB0}.Release|x64.Build.0 = Release|Any CPU
		{D3CBA3AF-D445-45B0-B3E9-E6619818EAB0}.Release|x86.ActiveCfg = Release|Any CPU
		{D3CBA3AF-D445-45B0-B3E9-E6619818EAB0}.Release|x86.Build.0 = Release|Any CPU
		{D230E557-0F43-4AC8-A9B0-42E704164471}.Debug|Any CPU.ActiveCfg = Debug|Any CPU
		{D230E557-0F43-4AC8-A9B0-42E704164471}.Debug|Any CPU.Build.0 = Debug|Any CPU
		{D230E557-0F43-4AC8-A9B0-42E704164471}.Debug|x64.ActiveCfg = Debug|Any CPU
		{D230E557-0F43-4AC8-A9B0-42E704164471}.Debug|x64.Build.0 = Debug|Any CPU
		{D230E557-0F43-4AC8-A9B0-42E704164471}.Debug|x86.ActiveCfg = Debug|Any CPU
		{D230E557-0F43-4AC8-A9B0-42E704164471}.Debug|x86.Build.0 = Debug|Any CPU
		{D230E557-0F43-4AC8-A9B0-42E704164471}.Release|Any CPU.ActiveCfg = Release|Any CPU
		{D230E557-0F43-4AC8-A9B0-42E704164471}.Release|Any CPU.Build.0 = Release|Any CPU
		{D230E557-0F43-4AC8-A9B0-42E704164471}.Release|x64.ActiveCfg = Release|Any CPU
		{D230E557-0F43-4AC8-A9B0-42E704164471}.Release|x64.Build.0 = Release|Any CPU
		{D230E557-0F43-4AC8-A9B0-42E704164471}.Release|x86.ActiveCfg = Release|Any CPU
		{D230E557-0F43-4AC8-A9B0-42E704164471}.Release|x86.Build.0 = Release|Any CPU
		{4B85AC1F-4815-42D5-88FD-E7A9E9B4E336}.Debug|Any CPU.ActiveCfg = Debug|Any CPU
		{4B85AC1F-4815-42D5-88FD-E7A9E9B4E336}.Debug|Any CPU.Build.0 = Debug|Any CPU
		{4B85AC1F-4815-42D5-88FD-E7A9E9B4E336}.Debug|x64.ActiveCfg = Debug|Any CPU
		{4B85AC1F-4815-42D5-88FD-E7A9E9B4E336}.Debug|x64.Build.0 = Debug|Any CPU
		{4B85AC1F-4815-42D5-88FD-E7A9E9B4E336}.Debug|x86.ActiveCfg = Debug|Any CPU
		{4B85AC1F-4815-42D5-88FD-E7A9E9B4E336}.Debug|x86.Build.0 = Debug|Any CPU
		{4B85AC1F-4815-42D5-88FD-E7A9E9B4E336}.Release|Any CPU.ActiveCfg = Release|Any CPU
		{4B85AC1F-4815-42D5-88FD-E7A9E9B4E336}.Release|Any CPU.Build.0 = Release|Any CPU
		{4B85AC1F-4815-42D5-88FD-E7A9E9B4E336}.Release|x64.ActiveCfg = Release|Any CPU
		{4B85AC1F-4815-42D5-88FD-E7A9E9B4E336}.Release|x64.Build.0 = Release|Any CPU
		{4B85AC1F-4815-42D5-88FD-E7A9E9B4E336}.Release|x86.ActiveCfg = Release|Any CPU
		{4B85AC1F-4815-42D5-88FD-E7A9E9B4E336}.Release|x86.Build.0 = Release|Any CPU
		{8772198D-CDF8-4C77-9099-26B25AEC1BDC}.Debug|Any CPU.ActiveCfg = Debug|Any CPU
		{8772198D-CDF8-4C77-9099-26B25AEC1BDC}.Debug|Any CPU.Build.0 = Debug|Any CPU
		{8772198D-CDF8-4C77-9099-26B25AEC1BDC}.Debug|x64.ActiveCfg = Debug|Any CPU
		{8772198D-CDF8-4C77-9099-26B25AEC1BDC}.Debug|x64.Build.0 = Debug|Any CPU
		{8772198D-CDF8-4C77-9099-26B25AEC1BDC}.Debug|x86.ActiveCfg = Debug|Any CPU
		{8772198D-CDF8-4C77-9099-26B25AEC1BDC}.Debug|x86.Build.0 = Debug|Any CPU
		{8772198D-CDF8-4C77-9099-26B25AEC1BDC}.Release|Any CPU.ActiveCfg = Release|Any CPU
		{8772198D-CDF8-4C77-9099-26B25AEC1BDC}.Release|Any CPU.Build.0 = Release|Any CPU
		{8772198D-CDF8-4C77-9099-26B25AEC1BDC}.Release|x64.ActiveCfg = Release|Any CPU
		{8772198D-CDF8-4C77-9099-26B25AEC1BDC}.Release|x64.Build.0 = Release|Any CPU
		{8772198D-CDF8-4C77-9099-26B25AEC1BDC}.Release|x86.ActiveCfg = Release|Any CPU
		{8772198D-CDF8-4C77-9099-26B25AEC1BDC}.Release|x86.Build.0 = Release|Any CPU
	EndGlobalSection
	GlobalSection(SolutionProperties) = preSolution
		HideSolutionNode = FALSE
	EndGlobalSection
	GlobalSection(NestedProjects) = preSolution
		{2E5D62C4-29B8-0774-8312-0A7EEE9C2DF7} = {17C1AC02-53F6-FE37-6069-914689DC9DF6}
		{547008B5-A7A8-4D6D-94AB-10CDBB8262D1} = {2E5D62C4-29B8-0774-8312-0A7EEE9C2DF7}
		{10C3098F-87A0-B767-FB93-CE037EFCE35E} = {17C1AC02-53F6-FE37-6069-914689DC9DF6}
		{5C9CFBF4-5199-4E44-8233-743DFC1EA04E} = {10C3098F-87A0-B767-FB93-CE037EFCE35E}
		{F0C00FC6-0B40-68E2-6329-4E02AD736237} = {17C1AC02-53F6-FE37-6069-914689DC9DF6}
		{97DA793F-5A6A-4965-9B69-3AF3C867EDF0} = {F0C00FC6-0B40-68E2-6329-4E02AD736237}
		{DACD9306-FC8B-4CAB-3D52-4C186ACC50A9} = {17C1AC02-53F6-FE37-6069-914689DC9DF6}
		{D0C8EC7F-A8D2-4D0C-AA04-EF8EA683DD33} = {DACD9306-FC8B-4CAB-3D52-4C186ACC50A9}
		{5CE692F3-F787-EB01-BA56-7570BFA7799A} = {17C1AC02-53F6-FE37-6069-914689DC9DF6}
		{D3CBA3AF-D445-45B0-B3E9-E6619818EAB0} = {5CE692F3-F787-EB01-BA56-7570BFA7799A}
		{3C8FCCEE-8E11-8257-6B0A-359EFA0EAFAC} = {6D6D824A-973A-020F-CB5A-FEA82890E265}
		{D230E557-0F43-4AC8-A9B0-42E704164471} = {3C8FCCEE-8E11-8257-6B0A-359EFA0EAFAC}
		{34C97A32-80F3-C717-D85A-9398E0E2B71F} = {6D6D824A-973A-020F-CB5A-FEA82890E265}
		{4B85AC1F-4815-42D5-88FD-E7A9E9B4E336} = {34C97A32-80F3-C717-D85A-9398E0E2B71F}
		{ABD3F96C-756E-0383-C227-AFA2B6A89ADC} = {864654F5-399B-11C0-F87F-52A5CD031E57}
		{8772198D-CDF8-4C77-9099-26B25AEC1BDC} = {ABD3F96C-756E-0383-C227-AFA2B6A89ADC}
	EndGlobalSection
	GlobalSection(ExtensibilityGlobals) = postSolution
		SolutionGuid = {750B0D96-C1D8-44D5-9A72-C6B6F4BAFABB}
	EndGlobalSection
EndGlobal
